// !$*UTF8*$!
{
	archiveVersion = 1;
	classes = {
	};
	objectVersion = 56;
	objects = {

/* Begin PBXBuildFile section */
		DFD82A4F2CF3669E0000E157 /* XcodeGithubTestApp.swift in Sources */ = {isa = PBXBuildFile; fileRef = DFD82A4E2CF3669E0000E157 /* XcodeGithubTestApp.swift */; };
		DFD82A512CF3669E0000E157 /* ContentView.swift in Sources */ = {isa = PBXBuildFile; fileRef = DFD82A502CF3669E0000E157 /* ContentView.swift */; };
		DFD82A532CF366A00000E157 /* Assets.xcassets in Resources */ = {isa = PBXBuildFile; fileRef = DFD82A522CF366A00000E157 /* Assets.xcassets */; };
		DFD82A562CF366A00000E157 /* Preview Assets.xcassets in Resources */ = {isa = PBXBuildFile; fileRef = DFD82A552CF366A00000E157 /* Preview Assets.xcassets */; };
		DFD82A602CF366A10000E157 /* XcodeGithubTestTests.swift in Sources */ = {isa = PBXBuildFile; fileRef = DFD82A5F2CF366A10000E157 /* XcodeGithubTestTests.swift */; };
		DFD82A6A2CF366A10000E157 /* XcodeGithubTestUITests.swift in Sources */ = {isa = PBXBuildFile; fileRef = DFD82A692CF366A10000E157 /* XcodeGithubTestUITests.swift */; };
		DFD82A6C2CF366A10000E157 /* XcodeGithubTestUITestsLaunchTests.swift in Sources */ = {isa = PBXBuildFile; fileRef = DFD82A6B2CF366A10000E157 /* XcodeGithubTestUITestsLaunchTests.swift */; };
		DFD82A792CF36FF50000E157 /* SecondView.swift in Sources */ = {isa = PBXBuildFile; fileRef = DFD82A782CF36FF50000E157 /* SecondView.swift */; };
/* End PBXBuildFile section */

/* Begin PBXContainerItemProxy section */
		DFD82A5C2CF366A10000E157 /* PBXContainerItemProxy */ = {
			isa = PBXContainerItemProxy;
			containerPortal = DFD82A432CF3669E0000E157 /* Project object */;
			proxyType = 1;
			remoteGlobalIDString = DFD82A4A2CF3669E0000E157;
			remoteInfo = XcodeGithubTest;
		};
		DFD82A662CF366A10000E157 /* PBXContainerItemProxy */ = {
			isa = PBXContainerItemProxy;
			containerPortal = DFD82A432CF3669E0000E157 /* Project object */;
			proxyType = 1;
			remoteGlobalIDString = DFD82A4A2CF3669E0000E157;
			remoteInfo = XcodeGithubTest;
		};
/* End PBXContainerItemProxy section */

/* Begin PBXFileReference section */
		DFD82A4B2CF3669E0000E157 /* XcodeGithubTest.app */ = {isa = PBXFileReference; explicitFileType = wrapper.application; includeInIndex = 0; path = XcodeGithubTest.app; sourceTree = BUILT_PRODUCTS_DIR; };
		DFD82A4E2CF3669E0000E157 /* XcodeGithubTestApp.swift */ = {isa = PBXFileReference; lastKnownFileType = sourcecode.swift; path = XcodeGithubTestApp.swift; sourceTree = "<group>"; };
		DFD82A502CF3669E0000E157 /* ContentView.swift */ = {isa = PBXFileReference; lastKnownFileType = sourcecode.swift; path = ContentView.swift; sourceTree = "<group>"; };
		DFD82A522CF366A00000E157 /* Assets.xcassets */ = {isa = PBXFileReference; lastKnownFileType = folder.assetcatalog; path = Assets.xcassets; sourceTree = "<group>"; };
		DFD82A552CF366A00000E157 /* Preview Assets.xcassets */ = {isa = PBXFileReference; lastKnownFileType = folder.assetcatalog; path = "Preview Assets.xcassets"; sourceTree = "<group>"; };
		DFD82A5B2CF366A10000E157 /* XcodeGithubTestTests.xctest */ = {isa = PBXFileReference; explicitFileType = wrapper.cfbundle; includeInIndex = 0; path = XcodeGithubTestTests.xctest; sourceTree = BUILT_PRODUCTS_DIR; };
		DFD82A5F2CF366A10000E157 /* XcodeGithubTestTests.swift */ = {isa = PBXFileReference; lastKnownFileType = sourcecode.swift; path = XcodeGithubTestTests.swift; sourceTree = "<group>"; };
		DFD82A652CF366A10000E157 /* XcodeGithubTestUITests.xctest */ = {isa = PBXFileReference; explicitFileType = wrapper.cfbundle; includeInIndex = 0; path = XcodeGithubTestUITests.xctest; sourceTree = BUILT_PRODUCTS_DIR; };
		DFD82A692CF366A10000E157 /* XcodeGithubTestUITests.swift */ = {isa = PBXFileReference; lastKnownFileType = sourcecode.swift; path = XcodeGithubTestUITests.swift; sourceTree = "<group>"; };
		DFD82A6B2CF366A10000E157 /* XcodeGithubTestUITestsLaunchTests.swift */ = {isa = PBXFileReference; lastKnownFileType = sourcecode.swift; path = XcodeGithubTestUITestsLaunchTests.swift; sourceTree = "<group>"; };
		DFD82A782CF36FF50000E157 /* SecondView.swift */ = {isa = PBXFileReference; lastKnownFileType = sourcecode.swift; path = SecondView.swift; sourceTree = "<group>"; };
/* End PBXFileReference section */

/* Begin PBXFrameworksBuildPhase section */
		DFD82A482CF3669E0000E157 /* Frameworks */ = {
			isa = PBXFrameworksBuildPhase;
			buildActionMask = 2147483647;
			files = (
			);
			runOnlyForDeploymentPostprocessing = 0;
		};
		DFD82A582CF366A10000E157 /* Frameworks */ = {
			isa = PBXFrameworksBuildPhase;
			buildActionMask = 2147483647;
			files = (
			);
			runOnlyForDeploymentPostprocessing = 0;
		};
		DFD82A622CF366A10000E157 /* Frameworks */ = {
			isa = PBXFrameworksBuildPhase;
			buildActionMask = 2147483647;
			files = (
			);
			runOnlyForDeploymentPostprocessing = 0;
		};
/* End PBXFrameworksBuildPhase section */

/* Begin PBXGroup section */
		DFD82A422CF3669E0000E157 = {
			isa = PBXGroup;
			children = (
				DFD82A4D2CF3669E0000E157 /* XcodeGithubTest */,
				DFD82A5E2CF366A10000E157 /* XcodeGithubTestTests */,
				DFD82A682CF366A10000E157 /* XcodeGithubTestUITests */,
				DFD82A4C2CF3669E0000E157 /* Products */,
			);
			sourceTree = "<group>";
		};
		DFD82A4C2CF3669E0000E157 /* Products */ = {
			isa = PBXGroup;
			children = (
				DFD82A4B2CF3669E0000E157 /* XcodeGithubTest.app */,
				DFD82A5B2CF366A10000E157 /* XcodeGithubTestTests.xctest */,
				DFD82A652CF366A10000E157 /* XcodeGithubTestUITests.xctest */,
			);
			name = Products;
			sourceTree = "<group>";
		};
		DFD82A4D2CF3669E0000E157 /* XcodeGithubTest */ = {
			isa = PBXGroup;
			children = (
				DFD82A4E2CF3669E0000E157 /* XcodeGithubTestApp.swift */,
				DFD82A502CF3669E0000E157 /* ContentView.swift */,
				DFD82A782CF36FF50000E157 /* SecondView.swift */,
				DFD82A522CF366A00000E157 /* Assets.xcassets */,
				DFD82A542CF366A00000E157 /* Preview Content */,
			);
			path = XcodeGithubTest;
			sourceTree = "<group>";
		};
		DFD82A542CF366A00000E157 /* Preview Content */ = {
			isa = PBXGroup;
			children = (
				DFD82A552CF366A00000E157 /* Preview Assets.xcassets */,
			);
			path = "Preview Content";
			sourceTree = "<group>";
		};
		DFD82A5E2CF366A10000E157 /* XcodeGithubTestTests */ = {
			isa = PBXGroup;
			children = (
				DFD82A5F2CF366A10000E157 /* XcodeGithubTestTests.swift */,
			);
			path = XcodeGithubTestTests;
			sourceTree = "<group>";
		};
		DFD82A682CF366A10000E157 /* XcodeGithubTestUITests */ = {
			isa = PBXGroup;
			children = (
				DFD82A692CF366A10000E157 /* XcodeGithubTestUITests.swift */,
				DFD82A6B2CF366A10000E157 /* XcodeGithubTestUITestsLaunchTests.swift */,
			);
			path = XcodeGithubTestUITests;
			sourceTree = "<group>";
		};
/* End PBXGroup section */

/* Begin PBXNativeTarget section */
		DFD82A4A2CF3669E0000E157 /* XcodeGithubTest */ = {
			isa = PBXNativeTarget;
			buildConfigurationList = DFD82A6F2CF366A10000E157 /* Build configuration list for PBXNativeTarget "XcodeGithubTest" */;
			buildPhases = (
				DFD82A472CF3669E0000E157 /* Sources */,
				DFD82A482CF3669E0000E157 /* Frameworks */,
				DFD82A492CF3669E0000E157 /* Resources */,
			);
			buildRules = (
			);
			dependencies = (
			);
			name = XcodeGithubTest;
			productName = XcodeGithubTest;
			productReference = DFD82A4B2CF3669E0000E157 /* XcodeGithubTest.app */;
			productType = "com.apple.product-type.application";
		};
		DFD82A5A2CF366A10000E157 /* XcodeGithubTestTests */ = {
			isa = PBXNativeTarget;
			buildConfigurationList = DFD82A722CF366A10000E157 /* Build configuration list for PBXNativeTarget "XcodeGithubTestTests" */;
			buildPhases = (
				DFD82A572CF366A10000E157 /* Sources */,
				DFD82A582CF366A10000E157 /* Frameworks */,
				DFD82A592CF366A10000E157 /* Resources */,
			);
			buildRules = (
			);
			dependencies = (
				DFD82A5D2CF366A10000E157 /* PBXTargetDependency */,
			);
			name = XcodeGithubTestTests;
			productName = XcodeGithubTestTests;
			productReference = DFD82A5B2CF366A10000E157 /* XcodeGithubTestTests.xctest */;
			productType = "com.apple.product-type.bundle.unit-test";
		};
		DFD82A642CF366A10000E157 /* XcodeGithubTestUITests */ = {
			isa = PBXNativeTarget;
			buildConfigurationList = DFD82A752CF366A10000E157 /* Build configuration list for PBXNativeTarget "XcodeGithubTestUITests" */;
			buildPhases = (
				DFD82A612CF366A10000E157 /* Sources */,
				DFD82A622CF366A10000E157 /* Frameworks */,
				DFD82A632CF366A10000E157 /* Resources */,
			);
			buildRules = (
			);
			dependencies = (
				DFD82A672CF366A10000E157 /* PBXTargetDependency */,
			);
			name = XcodeGithubTestUITests;
			productName = XcodeGithubTestUITests;
			productReference = DFD82A652CF366A10000E157 /* XcodeGithubTestUITests.xctest */;
			productType = "com.apple.product-type.bundle.ui-testing";
		};
/* End PBXNativeTarget section */

/* Begin PBXProject section */
		DFD82A432CF3669E0000E157 /* Project object */ = {
			isa = PBXProject;
			attributes = {
				BuildIndependentTargetsInParallel = 1;
				LastSwiftUpdateCheck = 1430;
				LastUpgradeCheck = 1430;
				TargetAttributes = {
					DFD82A4A2CF3669E0000E157 = {
						CreatedOnToolsVersion = 14.3.1;
					};
					DFD82A5A2CF366A10000E157 = {
						CreatedOnToolsVersion = 14.3.1;
						TestTargetID = DFD82A4A2CF3669E0000E157;
					};
					DFD82A642CF366A10000E157 = {
						CreatedOnToolsVersion = 14.3.1;
						TestTargetID = DFD82A4A2CF3669E0000E157;
					};
				};
			};
			buildConfigurationList = DFD82A462CF3669E0000E157 /* Build configuration list for PBXProject "XcodeGithubTest" */;
			compatibilityVersion = "Xcode 14.0";
			developmentRegion = en;
			hasScannedForEncodings = 0;
			knownRegions = (
				en,
				Base,
			);
			mainGroup = DFD82A422CF3669E0000E157;
			productRefGroup = DFD82A4C2CF3669E0000E157 /* Products */;
			projectDirPath = "";
			projectRoot = "";
			targets = (
				DFD82A4A2CF3669E0000E157 /* XcodeGithubTest */,
				DFD82A5A2CF366A10000E157 /* XcodeGithubTestTests */,
				DFD82A642CF366A10000E157 /* XcodeGithubTestUITests */,
			);
		};
/* End PBXProject section */

/* Begin PBXResourcesBuildPhase section */
		DFD82A492CF3669E0000E157 /* Resources */ = {
			isa = PBXResourcesBuildPhase;
			buildActionMask = 2147483647;
			files = (
				DFD82A562CF366A00000E157 /* Preview Assets.xcassets in Resources */,
				DFD82A532CF366A00000E157 /* Assets.xcassets in Resources */,
			);
			runOnlyForDeploymentPostprocessing = 0;
		};
		DFD82A592CF366A10000E157 /* Resources */ = {
			isa = PBXResourcesBuildPhase;
			buildActionMask = 2147483647;
			files = (
			);
			runOnlyForDeploymentPostprocessing = 0;
		};
		DFD82A632CF366A10000E157 /* Resources */ = {
			isa = PBXResourcesBuildPhase;
			buildActionMask = 2147483647;
			files = (
			);
			runOnlyForDeploymentPostprocessing = 0;
		};
/* End PBXResourcesBuildPhase section */

/* Begin PBXSourcesBuildPhase section */
		DFD82A472CF3669E0000E157 /* Sources */ = {
			isa = PBXSourcesBuildPhase;
			buildActionMask = 2147483647;
			files = (
				DFD82A792CF36FF50000E157 /* SecondView.swift in Sources */,
				DFD82A512CF3669E0000E157 /* ContentView.swift in Sources */,
				DFD82A4F2CF3669E0000E157 /* XcodeGithubTestApp.swift in Sources */,
			);
			runOnlyForDeploymentPostprocessing = 0;
		};
		DFD82A572CF366A10000E157 /* Sources */ = {
			isa = PBXSourcesBuildPhase;
			buildActionMask = 2147483647;
			files = (
				DFD82A602CF366A10000E157 /* XcodeGithubTestTests.swift in Sources */,
			);
			runOnlyForDeploymentPostprocessing = 0;
		};
		DFD82A612CF366A10000E157 /* Sources */ = {
			isa = PBXSourcesBuildPhase;
			buildActionMask = 2147483647;
			files = (
				DFD82A6A2CF366A10000E157 /* XcodeGithubTestUITests.swift in Sources */,
				DFD82A6C2CF366A10000E157 /* XcodeGithubTestUITestsLaunchTests.swift in Sources */,
			);
			runOnlyForDeploymentPostprocessing = 0;
		};
/* End PBXSourcesBuildPhase section */

/* Begin PBXTargetDependency section */
		DFD82A5D2CF366A10000E157 /* PBXTargetDependency */ = {
			isa = PBXTargetDependency;
			target = DFD82A4A2CF3669E0000E157 /* XcodeGithubTest */;
			targetProxy = DFD82A5C2CF366A10000E157 /* PBXContainerItemProxy */;
		};
		DFD82A672CF366A10000E157 /* PBXTargetDependency */ = {
			isa = PBXTargetDependency;
			target = DFD82A4A2CF3669E0000E157 /* XcodeGithubTest */;
			targetProxy = DFD82A662CF366A10000E157 /* PBXContainerItemProxy */;
		};
/* End PBXTargetDependency section */

/* Begin XCBuildConfiguration section */
		DFD82A6D2CF366A10000E157 /* Debug */ = {
			isa = XCBuildConfiguration;
			buildSettings = {
				ALWAYS_SEARCH_USER_PATHS = NO;
				CLANG_ANALYZER_NONNULL = YES;
				CLANG_ANALYZER_NUMBER_OBJECT_CONVERSION = YES_AGGRESSIVE;
				CLANG_CXX_LANGUAGE_STANDARD = "gnu++20";
				CLANG_ENABLE_MODULES = YES;
				CLANG_ENABLE_OBJC_ARC = YES;
				CLANG_ENABLE_OBJC_WEAK = YES;
				CLANG_WARN_BLOCK_CAPTURE_AUTORELEASING = YES;
				CLANG_WARN_BOOL_CONVERSION = YES;
				CLANG_WARN_COMMA = YES;
				CLANG_WARN_CONSTANT_CONVERSION = YES;
				CLANG_WARN_DEPRECATED_OBJC_IMPLEMENTATIONS = YES;
				CLANG_WARN_DIRECT_OBJC_ISA_USAGE = YES_ERROR;
				CLANG_WARN_DOCUMENTATION_COMMENTS = YES;
				CLANG_WARN_EMPTY_BODY = YES;
				CLANG_WARN_ENUM_CONVERSION = YES;
				CLANG_WARN_INFINITE_RECURSION = YES;
				CLANG_WARN_INT_CONVERSION = YES;
				CLANG_WARN_NON_LITERAL_NULL_CONVERSION = YES;
				CLANG_WARN_OBJC_IMPLICIT_RETAIN_SELF = YES;
				CLANG_WARN_OBJC_LITERAL_CONVERSION = YES;
				CLANG_WARN_OBJC_ROOT_CLASS = YES_ERROR;
				CLANG_WARN_QUOTED_INCLUDE_IN_FRAMEWORK_HEADER = YES;
				CLANG_WARN_RANGE_LOOP_ANALYSIS = YES;
				CLANG_WARN_STRICT_PROTOTYPES = YES;
				CLANG_WARN_SUSPICIOUS_MOVE = YES;
				CLANG_WARN_UNGUARDED_AVAILABILITY = YES_AGGRESSIVE;
				CLANG_WARN_UNREACHABLE_CODE = YES;
				CLANG_WARN__DUPLICATE_METHOD_MATCH = YES;
				COPY_PHASE_STRIP = NO;
				DEBUG_INFORMATION_FORMAT = dwarf;
				ENABLE_STRICT_OBJC_MSGSEND = YES;
				ENABLE_TESTABILITY = YES;
				GCC_C_LANGUAGE_STANDARD = gnu11;
				GCC_DYNAMIC_NO_PIC = NO;
				GCC_NO_COMMON_BLOCKS = YES;
				GCC_OPTIMIZATION_LEVEL = 0;
				GCC_PREPROCESSOR_DEFINITIONS = (
					"DEBUG=1",
					"$(inherited)",
				);
				GCC_WARN_64_TO_32_BIT_CONVERSION = YES;
				GCC_WARN_ABOUT_RETURN_TYPE = YES_ERROR;
				GCC_WARN_UNDECLARED_SELECTOR = YES;
				GCC_WARN_UNINITIALIZED_AUTOS = YES_AGGRESSIVE;
				GCC_WARN_UNUSED_FUNCTION = YES;
				GCC_WARN_UNUSED_VARIABLE = YES;
				IPHONEOS_DEPLOYMENT_TARGET = 16.4;
				MTL_ENABLE_DEBUG_INFO = INCLUDE_SOURCE;
				MTL_FAST_MATH = YES;
				ONLY_ACTIVE_ARCH = YES;
				SDKROOT = iphoneos;
				SWIFT_ACTIVE_COMPILATION_CONDITIONS = DEBUG;
				SWIFT_OPTIMIZATION_LEVEL = "-Onone";
			};
			name = Debug;
		};
		DFD82A6E2CF366A10000E157 /* Release */ = {
			isa = XCBuildConfiguration;
			buildSettings = {
				ALWAYS_SEARCH_USER_PATHS = NO;
				CLANG_ANALYZER_NONNULL = YES;
				CLANG_ANALYZER_NUMBER_OBJECT_CONVERSION = YES_AGGRESSIVE;
				CLANG_CXX_LANGUAGE_STANDARD = "gnu++20";
				CLANG_ENABLE_MODULES = YES;
				CLANG_ENABLE_OBJC_ARC = YES;
				CLANG_ENABLE_OBJC_WEAK = YES;
				CLANG_WARN_BLOCK_CAPTURE_AUTORELEASING = YES;
				CLANG_WARN_BOOL_CONVERSION = YES;
				CLANG_WARN_COMMA = YES;
				CLANG_WARN_CONSTANT_CONVERSION = YES;
				CLANG_WARN_DEPRECATED_OBJC_IMPLEMENTATIONS = YES;
				CLANG_WARN_DIRECT_OBJC_ISA_USAGE = YES_ERROR;
				CLANG_WARN_DOCUMENTATION_COMMENTS = YES;
				CLANG_WARN_EMPTY_BODY = YES;
				CLANG_WARN_ENUM_CONVERSION = YES;
				CLANG_WARN_INFINITE_RECURSION = YES;
				CLANG_WARN_INT_CONVERSION = YES;
				CLANG_WARN_NON_LITERAL_NULL_CONVERSION = YES;
				CLANG_WARN_OBJC_IMPLICIT_RETAIN_SELF = YES;
				CLANG_WARN_OBJC_LITERAL_CONVERSION = YES;
				CLANG_WARN_OBJC_ROOT_CLASS = YES_ERROR;
				CLANG_WARN_QUOTED_INCLUDE_IN_FRAMEWORK_HEADER = YES;
				CLANG_WARN_RANGE_LOOP_ANALYSIS = YES;
				CLANG_WARN_STRICT_PROTOTYPES = YES;
				CLANG_WARN_SUSPICIOUS_MOVE = YES;
				CLANG_WARN_UNGUARDED_AVAILABILITY = YES_AGGRESSIVE;
				CLANG_WARN_UNREACHABLE_CODE = YES;
				CLANG_WARN__DUPLICATE_METHOD_MATCH = YES;
				COPY_PHASE_STRIP = NO;
				DEBUG_INFORMATION_FORMAT = "dwarf-with-dsym";
				ENABLE_NS_ASSERTIONS = NO;
				ENABLE_STRICT_OBJC_MSGSEND = YES;
				GCC_C_LANGUAGE_STANDARD = gnu11;
				GCC_NO_COMMON_BLOCKS = YES;
				GCC_WARN_64_TO_32_BIT_CONVERSION = YES;
				GCC_WARN_ABOUT_RETURN_TYPE = YES_ERROR;
				GCC_WARN_UNDECLARED_SELECTOR = YES;
				GCC_WARN_UNINITIALIZED_AUTOS = YES_AGGRESSIVE;
				GCC_WARN_UNUSED_FUNCTION = YES;
				GCC_WARN_UNUSED_VARIABLE = YES;
				IPHONEOS_DEPLOYMENT_TARGET = 16.4;
				MTL_ENABLE_DEBUG_INFO = NO;
				MTL_FAST_MATH = YES;
				SDKROOT = iphoneos;
				SWIFT_COMPILATION_MODE = wholemodule;
				SWIFT_OPTIMIZATION_LEVEL = "-O";
				VALIDATE_PRODUCT = YES;
			};
			name = Release;
		};
		DFD82A702CF366A10000E157 /* Debug */ = {
			isa = XCBuildConfiguration;
			buildSettings = {
				ASSETCATALOG_COMPILER_APPICON_NAME = AppIcon;
				ASSETCATALOG_COMPILER_GLOBAL_ACCENT_COLOR_NAME = AccentColor;
				CODE_SIGN_STYLE = Automatic;
				CURRENT_PROJECT_VERSION = 1;
				DEVELOPMENT_ASSET_PATHS = "\"XcodeGithubTest/Preview Content\"";
				ENABLE_PREVIEWS = YES;
				GENERATE_INFOPLIST_FILE = YES;
				INFOPLIST_KEY_UIApplicationSceneManifest_Generation = YES;
				INFOPLIST_KEY_UIApplicationSupportsIndirectInputEvents = YES;
				INFOPLIST_KEY_UILaunchScreen_Generation = YES;
				INFOPLIST_KEY_UISupportedInterfaceOrientations_iPad = "UIInterfaceOrientationPortrait UIInterfaceOrientationPortraitUpsideDown UIInterfaceOrientationLandscapeLeft UIInterfaceOrientationLandscapeRight";
				INFOPLIST_KEY_UISupportedInterfaceOrientations_iPhone = "UIInterfaceOrientationPortrait UIInterfaceOrientationLandscapeLeft UIInterfaceOrientationLandscapeRight";
				LD_RUNPATH_SEARCH_PATHS = (
					"$(inherited)",
					"@executable_path/Frameworks",
				);
				MARKETING_VERSION = 1.0;
				PRODUCT_BUNDLE_IDENTIFIER = com.Test2.XcodeGithubTest;
				PRODUCT_NAME = "$(TARGET_NAME)";
				SWIFT_EMIT_LOC_STRINGS = YES;
				SWIFT_VERSION = 5.0;
				TARGETED_DEVICE_FAMILY = "1,2";
			};
			name = Debug;
		};
		DFD82A712CF366A10000E157 /* Release */ = {
			isa = XCBuildConfiguration;
			buildSettings = {
				ASSETCATALOG_COMPILER_APPICON_NAME = AppIcon;
				ASSETCATALOG_COMPILER_GLOBAL_ACCENT_COLOR_NAME = AccentColor;
				CODE_SIGN_STYLE = Automatic;
				CURRENT_PROJECT_VERSION = 1;
				DEVELOPMENT_ASSET_PATHS = "\"XcodeGithubTest/Preview Content\"";
				ENABLE_PREVIEWS = YES;
				GENERATE_INFOPLIST_FILE = YES;
				INFOPLIST_KEY_UIApplicationSceneManifest_Generation = YES;
				INFOPLIST_KEY_UIApplicationSupportsIndirectInputEvents = YES;
				INFOPLIST_KEY_UILaunchScreen_Generation = YES;
				INFOPLIST_KEY_UISupportedInterfaceOrientations_iPad = "UIInterfaceOrientationPortrait UIInterfaceOrientationPortraitUpsideDown UIInterfaceOrientationLandscapeLeft UIInterfaceOrientationLandscapeRight";
				INFOPLIST_KEY_UISupportedInterfaceOrientations_iPhone = "UIInterfaceOrientationPortrait UIInterfaceOrientationLandscapeLeft UIInterfaceOrientationLandscapeRight";
				LD_RUNPATH_SEARCH_PATHS = (
					"$(inherited)",
					"@executable_path/Frameworks",
				);
				MARKETING_VERSION = 1.0;
				PRODUCT_BUNDLE_IDENTIFIER = com.Test2.XcodeGithubTest;
				PRODUCT_NAME = "$(TARGET_NAME)";
				SWIFT_EMIT_LOC_STRINGS = YES;
				SWIFT_VERSION = 5.0;
				TARGETED_DEVICE_FAMILY = "1,2";
			};
			name = Release;
		};
		DFD82A732CF366A10000E157 /* Debug */ = {
			isa = XCBuildConfiguration;
			buildSettings = {
				ALWAYS_EMBED_SWIFT_STANDARD_LIBRARIES = YES;
				BUNDLE_LOADER = "$(TEST_HOST)";
				CODE_SIGN_STYLE = Automatic;
				CURRENT_PROJECT_VERSION = 1;
				GENERATE_INFOPLIST_FILE = YES;
				IPHONEOS_DEPLOYMENT_TARGET = 16.4;
				MARKETING_VERSION = 1.0;
				PRODUCT_BUNDLE_IDENTIFIER = com.Test2.XcodeGithubTestTests;
				PRODUCT_NAME = "$(TARGET_NAME)";
				SWIFT_EMIT_LOC_STRINGS = NO;
				SWIFT_VERSION = 5.0;
				TARGETED_DEVICE_FAMILY = "1,2";
				TEST_HOST = "$(BUILT_PRODUCTS_DIR)/XcodeGithubTest.app/$(BUNDLE_EXECUTABLE_FOLDER_PATH)/XcodeGithubTest";
			};
			name = Debug;
		};
		DFD82A742CF366A10000E157 /* Release */ = {
			isa = XCBuildConfiguration;
			buildSettings = {
				ALWAYS_EMBED_SWIFT_STANDARD_LIBRARIES = YES;
				BUNDLE_LOADER = "$(TEST_HOST)";
				CODE_SIGN_STYLE = Automatic;
				CURRENT_PROJECT_VERSION = 1;
				GENERATE_INFOPLIST_FILE = YES;
				IPHONEOS_DEPLOYMENT_TARGET = 16.4;
				MARKETING_VERSION = 1.0;
				PRODUCT_BUNDLE_IDENTIFIER = com.Test2.XcodeGithubTestTests;
				PRODUCT_NAME = "$(TARGET_NAME)";
				SWIFT_EMIT_LOC_STRINGS = NO;
				SWIFT_VERSION = 5.0;
				TARGETED_DEVICE_FAMILY = "1,2";
				TEST_HOST = "$(BUILT_PRODUCTS_DIR)/XcodeGithubTest.app/$(BUNDLE_EXECUTABLE_FOLDER_PATH)/XcodeGithubTest";
			};
			name = Release;
		};
		DFD82A762CF366A10000E157 /* Debug */ = {
			isa = XCBuildConfiguration;
			buildSettings = {
				ALWAYS_EMBED_SWIFT_STANDARD_LIBRARIES = YES;
				CODE_SIGN_STYLE = Automatic;
				CURRENT_PROJECT_VERSION = 1;
				GENERATE_INFOPLIST_FILE = YES;
				MARKETING_VERSION = 1.0;
				PRODUCT_BUNDLE_IDENTIFIER = com.Test2.XcodeGithubTestUITests;
				PRODUCT_NAME = "$(TARGET_NAME)";
				SWIFT_EMIT_LOC_STRINGS = NO;
				SWIFT_VERSION = 5.0;
				TARGETED_DEVICE_FAMILY = "1,2";
				TEST_TARGET_NAME = XcodeGithubTest;
			};
			name = Debug;
		};
		DFD82A772CF366A10000E157 /* Release */ = {
			isa = XCBuildConfiguration;
			buildSettings = {
				ALWAYS_EMBED_SWIFT_STANDARD_LIBRARIES = YES;
				CODE_SIGN_STYLE = Automatic;
				CURRENT_PROJECT_VERSION = 1;
				GENERATE_INFOPLIST_FILE = YES;
				MARKETING_VERSION = 1.0;
				PRODUCT_BUNDLE_IDENTIFIER = com.Test2.XcodeGithubTestUITests;
				PRODUCT_NAME = "$(TARGET_NAME)";
				SWIFT_EMIT_LOC_STRINGS = NO;
				SWIFT_VERSION = 5.0;
				TARGETED_DEVICE_FAMILY = "1,2";
				TEST_TARGET_NAME = XcodeGithubTest;
			};
			name = Release;
		};
/* End XCBuildConfiguration section */

/* Begin XCConfigurationList section */
		DFD82A462CF3669E0000E157 /* Build configuration list for PBXProject "XcodeGithubTest" */ = {
			isa = XCConfigurationList;
			buildConfigurations = (
				DFD82A6D2CF366A10000E157 /* Debug */,
				DFD82A6E2CF366A10000E157 /* Release */,
			);
			defaultConfigurationIsVisible = 0;
			defaultConfigurationName = Release;
		};
		DFD82A6F2CF366A10000E157 /* Build configuration list for PBXNativeTarget "XcodeGithubTest" */ = {
			isa = XCConfigurationList;
			buildConfigurations = (
				DFD82A702CF366A10000E157 /* Debug */,
				DFD82A712CF366A10000E157 /* Release */,
			);
			defaultConfigurationIsVisible = 0;
			defaultConfigurationName = Release;
		};
		DFD82A722CF366A10000E157 /* Build configuration list for PBXNativeTarget "XcodeGithubTestTests" */ = {
			isa = XCConfigurationList;
			buildConfigurations = (
				DFD82A732CF366A10000E157 /* Debug */,
				DFD82A742CF366A10000E157 /* Release */,
			);
			defaultConfigurationIsVisible = 0;
			defaultConfigurationName = Release;
		};
		DFD82A752CF366A10000E157 /* Build configuration list for PBXNativeTarget "XcodeGithubTestUITests" */ = {
			isa = XCConfigurationList;
			buildConfigurations = (
				DFD82A762CF366A10000E157 /* Debug */,
				DFD82A772CF366A10000E157 /* Release */,
			);
			defaultConfigurationIsVisible = 0;
			defaultConfigurationName = Release;
		};
/* End XCConfigurationList section */
	};
	rootObject = DFD82A432CF3669E0000E157 /* Project object */;
}
